// !$*UTF8*$!
{
	archiveVersion = 1;
	classes = {
	};
	objectVersion = 55;
	objects = {

/* Begin PBXBuildFile section */
		931B9ECB279A26B7009DE506 /* AppDelegate.swift in Sources */ = {isa = PBXBuildFile; fileRef = 931B9ECA279A26B7009DE506 /* AppDelegate.swift */; };
		931B9ECD279A26B7009DE506 /* SceneDelegate.swift in Sources */ = {isa = PBXBuildFile; fileRef = 931B9ECC279A26B7009DE506 /* SceneDelegate.swift */; };
		931B9ECF279A26B7009DE506 /* ViewController.swift in Sources */ = {isa = PBXBuildFile; fileRef = 931B9ECE279A26B7009DE506 /* ViewController.swift */; };
		931B9ED2279A26B7009DE506 /* Main.storyboard in Resources */ = {isa = PBXBuildFile; fileRef = 931B9ED0279A26B7009DE506 /* Main.storyboard */; };
		931B9ED4279A26BC009DE506 /* Assets.xcassets in Resources */ = {isa = PBXBuildFile; fileRef = 931B9ED3279A26BC009DE506 /* Assets.xcassets */; };
		931B9ED7279A26BC009DE506 /* LaunchScreen.storyboard in Resources */ = {isa = PBXBuildFile; fileRef = 931B9ED5279A26BC009DE506 /* LaunchScreen.storyboard */; };
		931B9EE2279A26BC009DE506 /* Nightly_SpecialsTests.swift in Sources */ = {isa = PBXBuildFile; fileRef = 931B9EE1279A26BC009DE506 /* Nightly_SpecialsTests.swift */; };
		931B9EEC279A26BC009DE506 /* Nightly_SpecialsUITests.swift in Sources */ = {isa = PBXBuildFile; fileRef = 931B9EEB279A26BC009DE506 /* Nightly_SpecialsUITests.swift */; };
		931B9EEE279A26BC009DE506 /* Nightly_SpecialsUITestsLaunchTests.swift in Sources */ = {isa = PBXBuildFile; fileRef = 931B9EED279A26BC009DE506 /* Nightly_SpecialsUITestsLaunchTests.swift */; };
/* End PBXBuildFile section */

/* Begin PBXContainerItemProxy section */
		931B9EDE279A26BC009DE506 /* PBXContainerItemProxy */ = {
			isa = PBXContainerItemProxy;
			containerPortal = 931B9EBF279A26B7009DE506 /* Project object */;
			proxyType = 1;
			remoteGlobalIDString = 931B9EC6279A26B7009DE506;
			remoteInfo = "Nightly-Specials";
		};
		931B9EE8279A26BC009DE506 /* PBXContainerItemProxy */ = {
			isa = PBXContainerItemProxy;
			containerPortal = 931B9EBF279A26B7009DE506 /* Project object */;
			proxyType = 1;
			remoteGlobalIDString = 931B9EC6279A26B7009DE506;
			remoteInfo = "Nightly-Specials";
		};
/* End PBXContainerItemProxy section */

/* Begin PBXFileReference section */
		931B9EC7279A26B7009DE506 /* Nightly-Specials.app */ = {isa = PBXFileReference; explicitFileType = wrapper.application; includeInIndex = 0; path = "Nightly-Specials.app"; sourceTree = BUILT_PRODUCTS_DIR; };
		931B9ECA279A26B7009DE506 /* AppDelegate.swift */ = {isa = PBXFileReference; lastKnownFileType = sourcecode.swift; path = AppDelegate.swift; sourceTree = "<group>"; };
		931B9ECC279A26B7009DE506 /* SceneDelegate.swift */ = {isa = PBXFileReference; lastKnownFileType = sourcecode.swift; path = SceneDelegate.swift; sourceTree = "<group>"; };
		931B9ECE279A26B7009DE506 /* ViewController.swift */ = {isa = PBXFileReference; lastKnownFileType = sourcecode.swift; path = ViewController.swift; sourceTree = "<group>"; };
		931B9ED1279A26B7009DE506 /* Base */ = {isa = PBXFileReference; lastKnownFileType = file.storyboard; name = Base; path = Base.lproj/Main.storyboard; sourceTree = "<group>"; };
		931B9ED3279A26BC009DE506 /* Assets.xcassets */ = {isa = PBXFileReference; lastKnownFileType = folder.assetcatalog; path = Assets.xcassets; sourceTree = "<group>"; };
		931B9ED6279A26BC009DE506 /* Base */ = {isa = PBXFileReference; lastKnownFileType = file.storyboard; name = Base; path = Base.lproj/LaunchScreen.storyboard; sourceTree = "<group>"; };
		931B9ED8279A26BC009DE506 /* Info.plist */ = {isa = PBXFileReference; lastKnownFileType = text.plist.xml; path = Info.plist; sourceTree = "<group>"; };
		931B9EDD279A26BC009DE506 /* Nightly-SpecialsTests.xctest */ = {isa = PBXFileReference; explicitFileType = wrapper.cfbundle; includeInIndex = 0; path = "Nightly-SpecialsTests.xctest"; sourceTree = BUILT_PRODUCTS_DIR; };
		931B9EE1279A26BC009DE506 /* Nightly_SpecialsTests.swift */ = {isa = PBXFileReference; lastKnownFileType = sourcecode.swift; path = Nightly_SpecialsTests.swift; sourceTree = "<group>"; };
		931B9EE7279A26BC009DE506 /* Nightly-SpecialsUITests.xctest */ = {isa = PBXFileReference; explicitFileType = wrapper.cfbundle; includeInIndex = 0; path = "Nightly-SpecialsUITests.xctest"; sourceTree = BUILT_PRODUCTS_DIR; };
		931B9EEB279A26BC009DE506 /* Nightly_SpecialsUITests.swift */ = {isa = PBXFileReference; lastKnownFileType = sourcecode.swift; path = Nightly_SpecialsUITests.swift; sourceTree = "<group>"; };
		931B9EED279A26BC009DE506 /* Nightly_SpecialsUITestsLaunchTests.swift */ = {isa = PBXFileReference; lastKnownFileType = sourcecode.swift; path = Nightly_SpecialsUITestsLaunchTests.swift; sourceTree = "<group>"; };
/* End PBXFileReference section */

/* Begin PBXFrameworksBuildPhase section */
		931B9EC4279A26B7009DE506 /* Frameworks */ = {
			isa = PBXFrameworksBuildPhase;
			buildActionMask = 2147483647;
			files = (
			);
			runOnlyForDeploymentPostprocessing = 0;
		};
		931B9EDA279A26BC009DE506 /* Frameworks */ = {
			isa = PBXFrameworksBuildPhase;
			buildActionMask = 2147483647;
			files = (
			);
			runOnlyForDeploymentPostprocessing = 0;
		};
		931B9EE4279A26BC009DE506 /* Frameworks */ = {
			isa = PBXFrameworksBuildPhase;
			buildActionMask = 2147483647;
			files = (
			);
			runOnlyForDeploymentPostprocessing = 0;
		};
/* End PBXFrameworksBuildPhase section */

/* Begin PBXGroup section */
		931B9EBE279A26B7009DE506 = {
			isa = PBXGroup;
			children = (
				931B9EC9279A26B7009DE506 /* Nightly-Specials */,
				931B9EE0279A26BC009DE506 /* Nightly-SpecialsTests */,
				931B9EEA279A26BC009DE506 /* Nightly-SpecialsUITests */,
				931B9EC8279A26B7009DE506 /* Products */,
			);
			sourceTree = "<group>";
		};
		931B9EC8279A26B7009DE506 /* Products */ = {
			isa = PBXGroup;
			children = (
				931B9EC7279A26B7009DE506 /* Nightly-Specials.app */,
				931B9EDD279A26BC009DE506 /* Nightly-SpecialsTests.xctest */,
				931B9EE7279A26BC009DE506 /* Nightly-SpecialsUITests.xctest */,
			);
			name = Products;
			sourceTree = "<group>";
		};
		931B9EC9279A26B7009DE506 /* Nightly-Specials */ = {
			isa = PBXGroup;
			children = (
				931B9ECA279A26B7009DE506 /* AppDelegate.swift */,
				931B9ECC279A26B7009DE506 /* SceneDelegate.swift */,
				931B9ECE279A26B7009DE506 /* ViewController.swift */,
				931B9ED0279A26B7009DE506 /* Main.storyboard */,
				931B9ED3279A26BC009DE506 /* Assets.xcassets */,
				931B9ED5279A26BC009DE506 /* LaunchScreen.storyboard */,
				931B9ED8279A26BC009DE506 /* Info.plist */,
			);
			path = "Nightly-Specials";
			sourceTree = "<group>";
		};
		931B9EE0279A26BC009DE506 /* Nightly-SpecialsTests */ = {
			isa = PBXGroup;
			children = (
				931B9EE1279A26BC009DE506 /* Nightly_SpecialsTests.swift */,
			);
			path = "Nightly-SpecialsTests";
			sourceTree = "<group>";
		};
		931B9EEA279A26BC009DE506 /* Nightly-SpecialsUITests */ = {
			isa = PBXGroup;
			children = (
				931B9EEB279A26BC009DE506 /* Nightly_SpecialsUITests.swift */,
				931B9EED279A26BC009DE506 /* Nightly_SpecialsUITestsLaunchTests.swift */,
			);
			path = "Nightly-SpecialsUITests";
			sourceTree = "<group>";
		};
/* End PBXGroup section */

/* Begin PBXNativeTarget section */
		931B9EC6279A26B7009DE506 /* Nightly-Specials */ = {
			isa = PBXNativeTarget;
			buildConfigurationList = 931B9EF1279A26BC009DE506 /* Build configuration list for PBXNativeTarget "Nightly-Specials" */;
			buildPhases = (
				931B9EC3279A26B7009DE506 /* Sources */,
				931B9EC4279A26B7009DE506 /* Frameworks */,
				931B9EC5279A26B7009DE506 /* Resources */,
			);
			buildRules = (
			);
			dependencies = (
			);
			name = "Nightly-Specials";
			productName = "Nightly-Specials";
			productReference = 931B9EC7279A26B7009DE506 /* Nightly-Specials.app */;
			productType = "com.apple.product-type.application";
		};
		931B9EDC279A26BC009DE506 /* Nightly-SpecialsTests */ = {
			isa = PBXNativeTarget;
			buildConfigurationList = 931B9EF4279A26BC009DE506 /* Build configuration list for PBXNativeTarget "Nightly-SpecialsTests" */;
			buildPhases = (
				931B9ED9279A26BC009DE506 /* Sources */,
				931B9EDA279A26BC009DE506 /* Frameworks */,
				931B9EDB279A26BC009DE506 /* Resources */,
			);
			buildRules = (
			);
			dependencies = (
				931B9EDF279A26BC009DE506 /* PBXTargetDependency */,
			);
			name = "Nightly-SpecialsTests";
			productName = "Nightly-SpecialsTests";
			productReference = 931B9EDD279A26BC009DE506 /* Nightly-SpecialsTests.xctest */;
			productType = "com.apple.product-type.bundle.unit-test";
		};
		931B9EE6279A26BC009DE506 /* Nightly-SpecialsUITests */ = {
			isa = PBXNativeTarget;
			buildConfigurationList = 931B9EF7279A26BC009DE506 /* Build configuration list for PBXNativeTarget "Nightly-SpecialsUITests" */;
			buildPhases = (
				931B9EE3279A26BC009DE506 /* Sources */,
				931B9EE4279A26BC009DE506 /* Frameworks */,
				931B9EE5279A26BC009DE506 /* Resources */,
			);
			buildRules = (
			);
			dependencies = (
				931B9EE9279A26BC009DE506 /* PBXTargetDependency */,
			);
			name = "Nightly-SpecialsUITests";
			productName = "Nightly-SpecialsUITests";
			productReference = 931B9EE7279A26BC009DE506 /* Nightly-SpecialsUITests.xctest */;
			productType = "com.apple.product-type.bundle.ui-testing";
		};
/* End PBXNativeTarget section */

/* Begin PBXProject section */
		931B9EBF279A26B7009DE506 /* Project object */ = {
			isa = PBXProject;
			attributes = {
				BuildIndependentTargetsInParallel = 1;
				LastSwiftUpdateCheck = 1320;
				LastUpgradeCheck = 1320;
				TargetAttributes = {
					931B9EC6279A26B7009DE506 = {
						CreatedOnToolsVersion = 13.2.1;
					};
					931B9EDC279A26BC009DE506 = {
						CreatedOnToolsVersion = 13.2.1;
						TestTargetID = 931B9EC6279A26B7009DE506;
					};
					931B9EE6279A26BC009DE506 = {
						CreatedOnToolsVersion = 13.2.1;
						TestTargetID = 931B9EC6279A26B7009DE506;
					};
				};
			};
			buildConfigurationList = 931B9EC2279A26B7009DE506 /* Build configuration list for PBXProject "Nightly-Specials" */;
			compatibilityVersion = "Xcode 13.0";
			developmentRegion = en;
			hasScannedForEncodings = 0;
			knownRegions = (
				en,
				Base,
			);
			mainGroup = 931B9EBE279A26B7009DE506;
			productRefGroup = 931B9EC8279A26B7009DE506 /* Products */;
			projectDirPath = "";
			projectRoot = "";
			targets = (
				931B9EC6279A26B7009DE506 /* Nightly-Specials */,
				931B9EDC279A26BC009DE506 /* Nightly-SpecialsTests */,
				931B9EE6279A26BC009DE506 /* Nightly-SpecialsUITests */,
			);
		};
/* End PBXProject section */

/* Begin PBXResourcesBuildPhase section */
		931B9EC5279A26B7009DE506 /* Resources */ = {
			isa = PBXResourcesBuildPhase;
			buildActionMask = 2147483647;
			files = (
				931B9ED7279A26BC009DE506 /* LaunchScreen.storyboard in Resources */,
				931B9ED4279A26BC009DE506 /* Assets.xcassets in Resources */,
				931B9ED2279A26B7009DE506 /* Main.storyboard in Resources */,
			);
			runOnlyForDeploymentPostprocessing = 0;
		};
		931B9EDB279A26BC009DE506 /* Resources */ = {
			isa = PBXResourcesBuildPhase;
			buildActionMask = 2147483647;
			files = (
			);
			runOnlyForDeploymentPostprocessing = 0;
		};
		931B9EE5279A26BC009DE506 /* Resources */ = {
			isa = PBXResourcesBuildPhase;
			buildActionMask = 2147483647;
			files = (
			);
			runOnlyForDeploymentPostprocessing = 0;
		};
/* End PBXResourcesBuildPhase section */

/* Begin PBXSourcesBuildPhase section */
		931B9EC3279A26B7009DE506 /* Sources */ = {
			isa = PBXSourcesBuildPhase;
			buildActionMask = 2147483647;
			files = (
				931B9ECF279A26B7009DE506 /* ViewController.swift in Sources */,
				931B9ECB279A26B7009DE506 /* AppDelegate.swift in Sources */,
				931B9ECD279A26B7009DE506 /* SceneDelegate.swift in Sources */,
			);
			runOnlyForDeploymentPostprocessing = 0;
		};
		931B9ED9279A26BC009DE506 /* Sources */ = {
			isa = PBXSourcesBuildPhase;
			buildActionMask = 2147483647;
			files = (
				931B9EE2279A26BC009DE506 /* Nightly_SpecialsTests.swift in Sources */,
			);
			runOnlyForDeploymentPostprocessing = 0;
		};
		931B9EE3279A26BC009DE506 /* Sources */ = {
			isa = PBXSourcesBuildPhase;
			buildActionMask = 2147483647;
			files = (
				931B9EEE279A26BC009DE506 /* Nightly_SpecialsUITestsLaunchTests.swift in Sources */,
				931B9EEC279A26BC009DE506 /* Nightly_SpecialsUITests.swift in Sources */,
			);
			runOnlyForDeploymentPostprocessing = 0;
		};
/* End PBXSourcesBuildPhase section */

/* Begin PBXTargetDependency section */
		931B9EDF279A26BC009DE506 /* PBXTargetDependency */ = {
			isa = PBXTargetDependency;
			target = 931B9EC6279A26B7009DE506 /* Nightly-Specials */;
			targetProxy = 931B9EDE279A26BC009DE506 /* PBXContainerItemProxy */;
		};
		931B9EE9279A26BC009DE506 /* PBXTargetDependency */ = {
			isa = PBXTargetDependency;
			target = 931B9EC6279A26B7009DE506 /* Nightly-Specials */;
			targetProxy = 931B9EE8279A26BC009DE506 /* PBXContainerItemProxy */;
		};
/* End PBXTargetDependency section */

/* Begin PBXVariantGroup section */
		931B9ED0279A26B7009DE506 /* Main.storyboard */ = {
			isa = PBXVariantGroup;
			children = (
				931B9ED1279A26B7009DE506 /* Base */,
			);
			name = Main.storyboard;
			sourceTree = "<group>";
		};
		931B9ED5279A26BC009DE506 /* LaunchScreen.storyboard */ = {
			isa = PBXVariantGroup;
			children = (
				931B9ED6279A26BC009DE506 /* Base */,
			);
			name = LaunchScreen.storyboard;
			sourceTree = "<group>";
		};
/* End PBXVariantGroup section */

/* Begin XCBuildConfiguration section */
		931B9EEF279A26BC009DE506 /* Debug */ = {
			isa = XCBuildConfiguration;
			buildSettings = {
				ALWAYS_SEARCH_USER_PATHS = NO;
				CLANG_ANALYZER_NONNULL = YES;
				CLANG_ANALYZER_NUMBER_OBJECT_CONVERSION = YES_AGGRESSIVE;
				CLANG_CXX_LANGUAGE_STANDARD = "gnu++17";
				CLANG_CXX_LIBRARY = "libc++";
				CLANG_ENABLE_MODULES = YES;
				CLANG_ENABLE_OBJC_ARC = YES;
				CLANG_ENABLE_OBJC_WEAK = YES;
				CLANG_WARN_BLOCK_CAPTURE_AUTORELEASING = YES;
				CLANG_WARN_BOOL_CONVERSION = YES;
				CLANG_WARN_COMMA = YES;
				CLANG_WARN_CONSTANT_CONVERSION = YES;
				CLANG_WARN_DEPRECATED_OBJC_IMPLEMENTATIONS = YES;
				CLANG_WARN_DIRECT_OBJC_ISA_USAGE = YES_ERROR;
				CLANG_WARN_DOCUMENTATION_COMMENTS = YES;
				CLANG_WARN_EMPTY_BODY = YES;
				CLANG_WARN_ENUM_CONVERSION = YES;
				CLANG_WARN_INFINITE_RECURSION = YES;
				CLANG_WARN_INT_CONVERSION = YES;
				CLANG_WARN_NON_LITERAL_NULL_CONVERSION = YES;
				CLANG_WARN_OBJC_IMPLICIT_RETAIN_SELF = YES;
				CLANG_WARN_OBJC_LITERAL_CONVERSION = YES;
				CLANG_WARN_OBJC_ROOT_CLASS = YES_ERROR;
				CLANG_WARN_QUOTED_INCLUDE_IN_FRAMEWORK_HEADER = YES;
				CLANG_WARN_RANGE_LOOP_ANALYSIS = YES;
				CLANG_WARN_STRICT_PROTOTYPES = YES;
				CLANG_WARN_SUSPICIOUS_MOVE = YES;
				CLANG_WARN_UNGUARDED_AVAILABILITY = YES_AGGRESSIVE;
				CLANG_WARN_UNREACHABLE_CODE = YES;
				CLANG_WARN__DUPLICATE_METHOD_MATCH = YES;
				COPY_PHASE_STRIP = NO;
				DEBUG_INFORMATION_FORMAT = dwarf;
				ENABLE_STRICT_OBJC_MSGSEND = YES;
				ENABLE_TESTABILITY = YES;
				GCC_C_LANGUAGE_STANDARD = gnu11;
				GCC_DYNAMIC_NO_PIC = NO;
				GCC_NO_COMMON_BLOCKS = YES;
				GCC_OPTIMIZATION_LEVEL = 0;
				GCC_PREPROCESSOR_DEFINITIONS = (
					"DEBUG=1",
					"$(inherited)",
				);
				GCC_WARN_64_TO_32_BIT_CONVERSION = YES;
				GCC_WARN_ABOUT_RETURN_TYPE = YES_ERROR;
				GCC_WARN_UNDECLARED_SELECTOR = YES;
				GCC_WARN_UNINITIALIZED_AUTOS = YES_AGGRESSIVE;
				GCC_WARN_UNUSED_FUNCTION = YES;
				GCC_WARN_UNUSED_VARIABLE = YES;
				IPHONEOS_DEPLOYMENT_TARGET = 15.2;
				MTL_ENABLE_DEBUG_INFO = INCLUDE_SOURCE;
				MTL_FAST_MATH = YES;
				ONLY_ACTIVE_ARCH = YES;
				SDKROOT = iphoneos;
				SWIFT_ACTIVE_COMPILATION_CONDITIONS = DEBUG;
				SWIFT_OPTIMIZATION_LEVEL = "-Onone";
			};
			name = Debug;
		};
		931B9EF0279A26BC009DE506 /* Release */ = {
			isa = XCBuildConfiguration;
			buildSettings = {
				ALWAYS_SEARCH_USER_PATHS = NO;
				CLANG_ANALYZER_NONNULL = YES;
				CLANG_ANALYZER_NUMBER_OBJECT_CONVERSION = YES_AGGRESSIVE;
				CLANG_CXX_LANGUAGE_STANDARD = "gnu++17";
				CLANG_CXX_LIBRARY = "libc++";
				CLANG_ENABLE_MODULES = YES;
				CLANG_ENABLE_OBJC_ARC = YES;
				CLANG_ENABLE_OBJC_WEAK = YES;
				CLANG_WARN_BLOCK_CAPTURE_AUTORELEASING = YES;
				CLANG_WARN_BOOL_CONVERSION = YES;
				CLANG_WARN_COMMA = YES;
				CLANG_WARN_CONSTANT_CONVERSION = YES;
				CLANG_WARN_DEPRECATED_OBJC_IMPLEMENTATIONS = YES;
				CLANG_WARN_DIRECT_OBJC_ISA_USAGE = YES_ERROR;
				CLANG_WARN_DOCUMENTATION_COMMENTS = YES;
				CLANG_WARN_EMPTY_BODY = YES;
				CLANG_WARN_ENUM_CONVERSION = YES;
				CLANG_WARN_INFINITE_RECURSION = YES;
				CLANG_WARN_INT_CONVERSION = YES;
				CLANG_WARN_NON_LITERAL_NULL_CONVERSION = YES;
				CLANG_WARN_OBJC_IMPLICIT_RETAIN_SELF = YES;
				CLANG_WARN_OBJC_LITERAL_CONVERSION = YES;
				CLANG_WARN_OBJC_ROOT_CLASS = YES_ERROR;
				CLANG_WARN_QUOTED_INCLUDE_IN_FRAMEWORK_HEADER = YES;
				CLANG_WARN_RANGE_LOOP_ANALYSIS = YES;
				CLANG_WARN_STRICT_PROTOTYPES = YES;
				CLANG_WARN_SUSPICIOUS_MOVE = YES;
				CLANG_WARN_UNGUARDED_AVAILABILITY = YES_AGGRESSIVE;
				CLANG_WARN_UNREACHABLE_CODE = YES;
				CLANG_WARN__DUPLICATE_METHOD_MATCH = YES;
				COPY_PHASE_STRIP = NO;
				DEBUG_INFORMATION_FORMAT = "dwarf-with-dsym";
				ENABLE_NS_ASSERTIONS = NO;
				ENABLE_STRICT_OBJC_MSGSEND = YES;
				GCC_C_LANGUAGE_STANDARD = gnu11;
				GCC_NO_COMMON_BLOCKS = YES;
				GCC_WARN_64_TO_32_BIT_CONVERSION = YES;
				GCC_WARN_ABOUT_RETURN_TYPE = YES_ERROR;
				GCC_WARN_UNDECLARED_SELECTOR = YES;
				GCC_WARN_UNINITIALIZED_AUTOS = YES_AGGRESSIVE;
				GCC_WARN_UNUSED_FUNCTION = YES;
				GCC_WARN_UNUSED_VARIABLE = YES;
				IPHONEOS_DEPLOYMENT_TARGET = 15.2;
				MTL_ENABLE_DEBUG_INFO = NO;
				MTL_FAST_MATH = YES;
				SDKROOT = iphoneos;
				SWIFT_COMPILATION_MODE = wholemodule;
				SWIFT_OPTIMIZATION_LEVEL = "-O";
				VALIDATE_PRODUCT = YES;
			};
			name = Release;
		};
		931B9EF2279A26BC009DE506 /* Debug */ = {
			isa = XCBuildConfiguration;
			buildSettings = {
				ASSETCATALOG_COMPILER_APPICON_NAME = AppIcon;
				ASSETCATALOG_COMPILER_GLOBAL_ACCENT_COLOR_NAME = AccentColor;
				CODE_SIGN_STYLE = Automatic;
				CURRENT_PROJECT_VERSION = 1;
				DEVELOPMENT_TEAM = 94S5GB3XX2;
				GENERATE_INFOPLIST_FILE = YES;
				INFOPLIST_FILE = "Nightly-Specials/Info.plist";
				INFOPLIST_KEY_UIApplicationSupportsIndirectInputEvents = YES;
				INFOPLIST_KEY_UILaunchStoryboardName = LaunchScreen;
				INFOPLIST_KEY_UIMainStoryboardFile = Main;
				INFOPLIST_KEY_UISupportedInterfaceOrientations_iPad = "UIInterfaceOrientationPortrait UIInterfaceOrientationPortraitUpsideDown UIInterfaceOrientationLandscapeLeft UIInterfaceOrientationLandscapeRight";
				INFOPLIST_KEY_UISupportedInterfaceOrientations_iPhone = "UIInterfaceOrientationPortrait UIInterfaceOrientationLandscapeLeft UIInterfaceOrientationLandscapeRight";
				LD_RUNPATH_SEARCH_PATHS = (
					"$(inherited)",
					"@executable_path/Frameworks",
				);
				MARKETING_VERSION = 1.0;
				PRODUCT_BUNDLE_IDENTIFIER = "com.twiggs.Nightly-Specials";
				PRODUCT_NAME = "$(TARGET_NAME)";
				SWIFT_EMIT_LOC_STRINGS = YES;
				SWIFT_VERSION = 5.0;
				TARGETED_DEVICE_FAMILY = "1,2";
			};
			name = Debug;
		};
		931B9EF3279A26BC009DE506 /* Release */ = {
			isa = XCBuildConfiguration;
			buildSettings = {
				ASSETCATALOG_COMPILER_APPICON_NAME = AppIcon;
				ASSETCATALOG_COMPILER_GLOBAL_ACCENT_COLOR_NAME = AccentColor;
				CODE_SIGN_STYLE = Automatic;
				CURRENT_PROJECT_VERSION = 1;
				DEVELOPMENT_TEAM = 94S5GB3XX2;
				GENERATE_INFOPLIST_FILE = YES;
				INFOPLIST_FILE = "Nightly-Specials/Info.plist";
				INFOPLIST_KEY_UIApplicationSupportsIndirectInputEvents = YES;
				INFOPLIST_KEY_UILaunchStoryboardName = LaunchScreen;
				INFOPLIST_KEY_UIMainStoryboardFile = Main;
				INFOPLIST_KEY_UISupportedInterfaceOrientations_iPad = "UIInterfaceOrientationPortrait UIInterfaceOrientationPortraitUpsideDown UIInterfaceOrientationLandscapeLeft UIInterfaceOrientationLandscapeRight";
				INFOPLIST_KEY_UISupportedInterfaceOrientations_iPhone = "UIInterfaceOrientationPortrait UIInterfaceOrientationLandscapeLeft UIInterfaceOrientationLandscapeRight";
				LD_RUNPATH_SEARCH_PATHS = (
					"$(inherited)",
					"@executable_path/Frameworks",
				);
				MARKETING_VERSION = 1.0;
				PRODUCT_BUNDLE_IDENTIFIER = "com.twiggs.Nightly-Specials";
				PRODUCT_NAME = "$(TARGET_NAME)";
				SWIFT_EMIT_LOC_STRINGS = YES;
				SWIFT_VERSION = 5.0;
				TARGETED_DEVICE_FAMILY = "1,2";
			};
			name = Release;
		};
		931B9EF5279A26BC009DE506 /* Debug */ = {
			isa = XCBuildConfiguration;
			buildSettings = {
				ALWAYS_EMBED_SWIFT_STANDARD_LIBRARIES = YES;
				BUNDLE_LOADER = "$(TEST_HOST)";
				CODE_SIGN_STYLE = Automatic;
				CURRENT_PROJECT_VERSION = 1;
				DEVELOPMENT_TEAM = 94S5GB3XX2;
				GENERATE_INFOPLIST_FILE = YES;
				IPHONEOS_DEPLOYMENT_TARGET = 15.2;
				MARKETING_VERSION = 1.0;
				PRODUCT_BUNDLE_IDENTIFIER = "com.twiggs.Nightly-SpecialsTests";
				PRODUCT_NAME = "$(TARGET_NAME)";
				SWIFT_EMIT_LOC_STRINGS = NO;
				SWIFT_VERSION = 5.0;
				TARGETED_DEVICE_FAMILY = "1,2";
				TEST_HOST = "$(BUILT_PRODUCTS_DIR)/Nightly-Specials.app/Nightly-Specials";
			};
			name = Debug;
		};
		931B9EF6279A26BC009DE506 /* Release */ = {
			isa = XCBuildConfiguration;
			buildSettings = {
				ALWAYS_EMBED_SWIFT_STANDARD_LIBRARIES = YES;
				BUNDLE_LOADER = "$(TEST_HOST)";
				CODE_SIGN_STYLE = Automatic;
				CURRENT_PROJECT_VERSION = 1;
				DEVELOPMENT_TEAM = 94S5GB3XX2;
				GENERATE_INFOPLIST_FILE = YES;
				IPHONEOS_DEPLOYMENT_TARGET = 15.2;
				MARKETING_VERSION = 1.0;
				PRODUCT_BUNDLE_IDENTIFIER = "com.twiggs.Nightly-SpecialsTests";
				PRODUCT_NAME = "$(TARGET_NAME)";
				SWIFT_EMIT_LOC_STRINGS = NO;
				SWIFT_VERSION = 5.0;
				TARGETED_DEVICE_FAMILY = "1,2";
				TEST_HOST = "$(BUILT_PRODUCTS_DIR)/Nightly-Specials.app/Nightly-Specials";
			};
			name = Release;
		};
		931B9EF8279A26BC009DE506 /* Debug */ = {
			isa = XCBuildConfiguration;
			buildSettings = {
				ALWAYS_EMBED_SWIFT_STANDARD_LIBRARIES = YES;
				CODE_SIGN_STYLE = Automatic;
				CURRENT_PROJECT_VERSION = 1;
				DEVELOPMENT_TEAM = 94S5GB3XX2;
				GENERATE_INFOPLIST_FILE = YES;
				MARKETING_VERSION = 1.0;
				PRODUCT_BUNDLE_IDENTIFIER = "com.twiggs.Nightly-SpecialsUITests";
				PRODUCT_NAME = "$(TARGET_NAME)";
				SWIFT_EMIT_LOC_STRINGS = NO;
				SWIFT_VERSION = 5.0;
				TARGETED_DEVICE_FAMILY = "1,2";
				TEST_TARGET_NAME = "Nightly-Specials";
			};
			name = Debug;
		};
		931B9EF9279A26BC009DE506 /* Release */ = {
			isa = XCBuildConfiguration;
			buildSettings = {
				ALWAYS_EMBED_SWIFT_STANDARD_LIBRARIES = YES;
				CODE_SIGN_STYLE = Automatic;
				CURRENT_PROJECT_VERSION = 1;
				DEVELOPMENT_TEAM = 94S5GB3XX2;
				GENERATE_INFOPLIST_FILE = YES;
				MARKETING_VERSION = 1.0;
				PRODUCT_BUNDLE_IDENTIFIER = "com.twiggs.Nightly-SpecialsUITests";
				PRODUCT_NAME = "$(TARGET_NAME)";
				SWIFT_EMIT_LOC_STRINGS = NO;
				SWIFT_VERSION = 5.0;
				TARGETED_DEVICE_FAMILY = "1,2";
				TEST_TARGET_NAME = "Nightly-Specials";
			};
			name = Release;
		};
/* End XCBuildConfiguration section */

/* Begin XCConfigurationList section */
		931B9EC2279A26B7009DE506 /* Build configuration list for PBXProject "Nightly-Specials" */ = {
			isa = XCConfigurationList;
			buildConfigurations = (
				931B9EEF279A26BC009DE506 /* Debug */,
				931B9EF0279A26BC009DE506 /* Release */,
			);
			defaultConfigurationIsVisible = 0;
			defaultConfigurationName = Release;
		};
		931B9EF1279A26BC009DE506 /* Build configuration list for PBXNativeTarget "Nightly-Specials" */ = {
			isa = XCConfigurationList;
			buildConfigurations = (
				931B9EF2279A26BC009DE506 /* Debug */,
				931B9EF3279A26BC009DE506 /* Release */,
			);
			defaultConfigurationIsVisible = 0;
			defaultConfigurationName = Release;
		};
		931B9EF4279A26BC009DE506 /* Build configuration list for PBXNativeTarget "Nightly-SpecialsTests" */ = {
			isa = XCConfigurationList;
			buildConfigurations = (
				931B9EF5279A26BC009DE506 /* Debug */,
				931B9EF6279A26BC009DE506 /* Release */,
			);
			defaultConfigurationIsVisible = 0;
			defaultConfigurationName = Release;
		};
		931B9EF7279A26BC009DE506 /* Build configuration list for PBXNativeTarget "Nightly-SpecialsUITests" */ = {
			isa = XCConfigurationList;
			buildConfigurations = (
				931B9EF8279A26BC009DE506 /* Debug */,
				931B9EF9279A26BC009DE506 /* Release */,
			);
			defaultConfigurationIsVisible = 0;
			defaultConfigurationName = Release;
		};
/* End XCConfigurationList section */
	};
	rootObject = 931B9EBF279A26B7009DE506 /* Project object */;
}
